<?xml version="1.0" encoding="utf-8"?>
<Project ToolsVersion="4.0" xmlns="http://schemas.microsoft.com/developer/msbuild/2003">
  <ItemGroup>
    <ClCompile Include="main.cpp" />
    <ClCompile Include="test_lockfree_queue.cpp">
      <Filter>tests</Filter>
    </ClCompile>
    <ClCompile Include="test_waiters.cpp">
      <Filter>tests</Filter>
    </ClCompile>
  </ItemGroup>
  <ItemGroup>
    <Filter Include="gkr">
      <UniqueIdentifier>{e50fce7c-0ddf-43e1-ab6d-66932af6edf0}</UniqueIdentifier>
    </Filter>
    <Filter Include="tests">
      <UniqueIdentifier>{aee24dda-78e0-464b-bc07-f25396c99ac6}</UniqueIdentifier>
    </Filter>
    <Filter Include="gkr\cpp_feature">
      <UniqueIdentifier>{d9501422-a622-4696-b1c2-a9fb2c1956bf}</UniqueIdentifier>
    </Filter>
  </ItemGroup>
  <ItemGroup>
    <ClInclude Include="..\include\gkr\waitable_object.h">
      <Filter>gkr</Filter>
    </ClInclude>
    <ClInclude Include="..\include\gkr\common.h">
      <Filter>gkr</Filter>
    </ClInclude>
    <ClInclude Include="..\include\gkr\sync_event.h">
      <Filter>gkr</Filter>
    </ClInclude>
    <ClInclude Include="..\include\gkr\lockfree_queue.h">
      <Filter>gkr</Filter>
    </ClInclude>
    <ClInclude Include="..\include\gkr\objects_waiter.h">
      <Filter>gkr</Filter>
    </ClInclude>
    <ClInclude Include="main.h" />
    <ClInclude Include="..\include\gkr\cpp_feature\lib_raw_memory_algorithms.h">
      <Filter>gkr\cpp_feature</Filter>
    </ClInclude>
    <ClInclude Include="..\include\gkr\sync_mutex.h">
      <Filter>gkr</Filter>
    </ClInclude>
    <ClInclude Include="..\include\gkr\sync_semaphore.h">
      <Filter>gkr</Filter>
    </ClInclude>
  </ItemGroup>
</Project>